// !$*UTF8*$!
{
	archiveVersion = 1;
	classes = {
	};
	objectVersion = 56;
	objects = {

/* Begin PBXBuildFile section */
		180150522B1D3EE40004A604 /* PriceMadisonFinalProjectApp.swift in Sources */ = {isa = PBXBuildFile; fileRef = 180150512B1D3EE40004A604 /* PriceMadisonFinalProjectApp.swift */; };
		180150542B1D3EE40004A604 /* ContentView.swift in Sources */ = {isa = PBXBuildFile; fileRef = 180150532B1D3EE40004A604 /* ContentView.swift */; };
		180150562B1D3EE60004A604 /* Assets.xcassets in Resources */ = {isa = PBXBuildFile; fileRef = 180150552B1D3EE60004A604 /* Assets.xcassets */; };
		180150592B1D3EE60004A604 /* Preview Assets.xcassets in Resources */ = {isa = PBXBuildFile; fileRef = 180150582B1D3EE60004A604 /* Preview Assets.xcassets */; };
		180150632B1D3EE60004A604 /* PriceMadisonFinalProjectTests.swift in Sources */ = {isa = PBXBuildFile; fileRef = 180150622B1D3EE60004A604 /* PriceMadisonFinalProjectTests.swift */; };
		1801506D2B1D3EE60004A604 /* PriceMadisonFinalProjectUITests.swift in Sources */ = {isa = PBXBuildFile; fileRef = 1801506C2B1D3EE60004A604 /* PriceMadisonFinalProjectUITests.swift */; };
		1801506F2B1D3EE60004A604 /* PriceMadisonFinalProjectUITestsLaunchTests.swift in Sources */ = {isa = PBXBuildFile; fileRef = 1801506E2B1D3EE60004A604 /* PriceMadisonFinalProjectUITestsLaunchTests.swift */; };
		180150802B1D44930004A604 /* Assignment.swift in Sources */ = {isa = PBXBuildFile; fileRef = 1801507F2B1D44930004A604 /* Assignment.swift */; };
		180150852B1D47130004A604 /* AssignmentViewModel.swift in Sources */ = {isa = PBXBuildFile; fileRef = 180150842B1D47130004A604 /* AssignmentViewModel.swift */; };
		180150872B1D4D240004A604 /* LoginPage.swift in Sources */ = {isa = PBXBuildFile; fileRef = 180150862B1D4D230004A604 /* LoginPage.swift */; };
		180150892B1D536C0004A604 /* BebasNeue-Regular.ttf in Resources */ = {isa = PBXBuildFile; fileRef = 180150882B1D536C0004A604 /* BebasNeue-Regular.ttf */; };
		1801508C2B1D54F40004A604 /* SignUpPage.swift in Sources */ = {isa = PBXBuildFile; fileRef = 1801508B2B1D54F30004A604 /* SignUpPage.swift */; };
		1801508F2B1D57C80004A604 /* User.swift in Sources */ = {isa = PBXBuildFile; fileRef = 1801508E2B1D57C80004A604 /* User.swift */; };
		180150932B1D58090004A604 /* UserViewModel.swift in Sources */ = {isa = PBXBuildFile; fileRef = 180150922B1D58090004A604 /* UserViewModel.swift */; };
		180150952B1D65280004A604 /* ProfilePage.swift in Sources */ = {isa = PBXBuildFile; fileRef = 180150942B1D65280004A604 /* ProfilePage.swift */; };
		18190C802B21609B00B3CD6A /* HomePageRow.swift in Sources */ = {isa = PBXBuildFile; fileRef = 18190C7F2B21609B00B3CD6A /* HomePageRow.swift */; };
		1849623C2B1EFBC7009505B6 /* HomePage.swift in Sources */ = {isa = PBXBuildFile; fileRef = 1849623B2B1EFBC7009505B6 /* HomePage.swift */; };
		184962402B1F18EF009505B6 /* RobotoCondensed.ttf in Resources */ = {isa = PBXBuildFile; fileRef = 1849623F2B1F18EF009505B6 /* RobotoCondensed.ttf */; };
		184962422B1F20DD009505B6 /* MainTabPage.swift in Sources */ = {isa = PBXBuildFile; fileRef = 184962412B1F20DC009505B6 /* MainTabPage.swift */; };
		184962442B1F2131009505B6 /* CalendarPage.swift in Sources */ = {isa = PBXBuildFile; fileRef = 184962432B1F2131009505B6 /* CalendarPage.swift */; };
		184962462B1F213D009505B6 /* AssignmentsPage.swift in Sources */ = {isa = PBXBuildFile; fileRef = 184962452B1F213D009505B6 /* AssignmentsPage.swift */; };
		184A98292B20748A00EAE71E /* CalendarAssignmentRow.swift in Sources */ = {isa = PBXBuildFile; fileRef = 184A98282B20748A00EAE71E /* CalendarAssignmentRow.swift */; };
		184A982C2B20C81A00EAE71E /* FSCalendar in Frameworks */ = {isa = PBXBuildFile; productRef = 184A982B2B20C81A00EAE71E /* FSCalendar */; };
		184A982E2B20E12E00EAE71E /* AssignmentRow.swift in Sources */ = {isa = PBXBuildFile; fileRef = 184A982D2B20E12E00EAE71E /* AssignmentRow.swift */; };
		184A98302B20E1D200EAE71E /* EditAssignmentPage.swift in Sources */ = {isa = PBXBuildFile; fileRef = 184A982F2B20E1D200EAE71E /* EditAssignmentPage.swift */; };
		185FC4B22B1FE768009C8DFB /* HomeSettingsPage.swift in Sources */ = {isa = PBXBuildFile; fileRef = 185FC4B12B1FE768009C8DFB /* HomeSettingsPage.swift */; };
		185FC4B42B1FFA86009C8DFB /* ProgressPage.swift in Sources */ = {isa = PBXBuildFile; fileRef = 185FC4B32B1FFA86009C8DFB /* ProgressPage.swift */; };
		18C9B1712B1DD7F0004B7B1B /* FirebaseAnalytics in Frameworks */ = {isa = PBXBuildFile; productRef = 18C9B1702B1DD7F0004B7B1B /* FirebaseAnalytics */; };
		18C9B1732B1DD7F0004B7B1B /* FirebaseAnalyticsOnDeviceConversion in Frameworks */ = {isa = PBXBuildFile; productRef = 18C9B1722B1DD7F0004B7B1B /* FirebaseAnalyticsOnDeviceConversion */; };
		18C9B1752B1DD7F0004B7B1B /* FirebaseAnalyticsSwift in Frameworks */ = {isa = PBXBuildFile; productRef = 18C9B1742B1DD7F0004B7B1B /* FirebaseAnalyticsSwift */; };
		18C9B1772B1DD7F0004B7B1B /* FirebaseAnalyticsWithoutAdIdSupport in Frameworks */ = {isa = PBXBuildFile; productRef = 18C9B1762B1DD7F0004B7B1B /* FirebaseAnalyticsWithoutAdIdSupport */; };
		18C9B1792B1DD7F0004B7B1B /* FirebaseAppCheck in Frameworks */ = {isa = PBXBuildFile; productRef = 18C9B1782B1DD7F0004B7B1B /* FirebaseAppCheck */; };
		18C9B17B2B1DD7F0004B7B1B /* FirebaseAppDistribution-Beta in Frameworks */ = {isa = PBXBuildFile; productRef = 18C9B17A2B1DD7F0004B7B1B /* FirebaseAppDistribution-Beta */; };
		18C9B17D2B1DD7F0004B7B1B /* FirebaseAuth in Frameworks */ = {isa = PBXBuildFile; productRef = 18C9B17C2B1DD7F0004B7B1B /* FirebaseAuth */; };
		18C9B17F2B1DD7F0004B7B1B /* FirebaseAuthCombine-Community in Frameworks */ = {isa = PBXBuildFile; productRef = 18C9B17E2B1DD7F0004B7B1B /* FirebaseAuthCombine-Community */; };
		18C9B1812B1DD7F0004B7B1B /* FirebaseCrashlytics in Frameworks */ = {isa = PBXBuildFile; productRef = 18C9B1802B1DD7F0004B7B1B /* FirebaseCrashlytics */; };
		18C9B1832B1DD7F0004B7B1B /* FirebaseDatabase in Frameworks */ = {isa = PBXBuildFile; productRef = 18C9B1822B1DD7F0004B7B1B /* FirebaseDatabase */; };
		18C9B1852B1DD7F0004B7B1B /* FirebaseDatabaseSwift in Frameworks */ = {isa = PBXBuildFile; productRef = 18C9B1842B1DD7F0004B7B1B /* FirebaseDatabaseSwift */; };
		18C9B1872B1DD7F0004B7B1B /* FirebaseDynamicLinks in Frameworks */ = {isa = PBXBuildFile; productRef = 18C9B1862B1DD7F0004B7B1B /* FirebaseDynamicLinks */; };
		18C9B1892B1DD7F0004B7B1B /* FirebaseFirestore in Frameworks */ = {isa = PBXBuildFile; productRef = 18C9B1882B1DD7F0004B7B1B /* FirebaseFirestore */; };
		18C9B18B2B1DD7F0004B7B1B /* FirebaseFirestoreCombine-Community in Frameworks */ = {isa = PBXBuildFile; productRef = 18C9B18A2B1DD7F0004B7B1B /* FirebaseFirestoreCombine-Community */; };
		18C9B18D2B1DD7F0004B7B1B /* FirebaseFirestoreSwift in Frameworks */ = {isa = PBXBuildFile; productRef = 18C9B18C2B1DD7F0004B7B1B /* FirebaseFirestoreSwift */; };
		18C9B18F2B1DD7F0004B7B1B /* FirebaseFunctions in Frameworks */ = {isa = PBXBuildFile; productRef = 18C9B18E2B1DD7F0004B7B1B /* FirebaseFunctions */; };
		18C9B1912B1DD7F0004B7B1B /* FirebaseFunctionsCombine-Community in Frameworks */ = {isa = PBXBuildFile; productRef = 18C9B1902B1DD7F0004B7B1B /* FirebaseFunctionsCombine-Community */; };
		18C9B1932B1DD7F0004B7B1B /* FirebaseInAppMessaging-Beta in Frameworks */ = {isa = PBXBuildFile; productRef = 18C9B1922B1DD7F0004B7B1B /* FirebaseInAppMessaging-Beta */; };
		18C9B1952B1DD7F0004B7B1B /* FirebaseInAppMessagingSwift-Beta in Frameworks */ = {isa = PBXBuildFile; productRef = 18C9B1942B1DD7F0004B7B1B /* FirebaseInAppMessagingSwift-Beta */; };
		18C9B1972B1DD7F0004B7B1B /* FirebaseInstallations in Frameworks */ = {isa = PBXBuildFile; productRef = 18C9B1962B1DD7F0004B7B1B /* FirebaseInstallations */; };
		18C9B1992B1DD7F0004B7B1B /* FirebaseMLModelDownloader in Frameworks */ = {isa = PBXBuildFile; productRef = 18C9B1982B1DD7F0004B7B1B /* FirebaseMLModelDownloader */; };
		18C9B19B2B1DD7F0004B7B1B /* FirebaseMessaging in Frameworks */ = {isa = PBXBuildFile; productRef = 18C9B19A2B1DD7F0004B7B1B /* FirebaseMessaging */; };
		18C9B19D2B1DD7F0004B7B1B /* FirebasePerformance in Frameworks */ = {isa = PBXBuildFile; productRef = 18C9B19C2B1DD7F0004B7B1B /* FirebasePerformance */; };
		18C9B19F2B1DD7F0004B7B1B /* FirebaseRemoteConfig in Frameworks */ = {isa = PBXBuildFile; productRef = 18C9B19E2B1DD7F0004B7B1B /* FirebaseRemoteConfig */; };
		18C9B1A12B1DD7F0004B7B1B /* FirebaseRemoteConfigSwift in Frameworks */ = {isa = PBXBuildFile; productRef = 18C9B1A02B1DD7F0004B7B1B /* FirebaseRemoteConfigSwift */; };
		18C9B1A32B1DD7F0004B7B1B /* FirebaseStorage in Frameworks */ = {isa = PBXBuildFile; productRef = 18C9B1A22B1DD7F0004B7B1B /* FirebaseStorage */; };
		18C9B1A52B1DD7F0004B7B1B /* FirebaseStorageCombine-Community in Frameworks */ = {isa = PBXBuildFile; productRef = 18C9B1A42B1DD7F0004B7B1B /* FirebaseStorageCombine-Community */; };
		18C9B1A82B1DDC00004B7B1B /* GoogleSignIn in Frameworks */ = {isa = PBXBuildFile; productRef = 18C9B1A72B1DDC00004B7B1B /* GoogleSignIn */; };
		18C9B1AA2B1DDC00004B7B1B /* GoogleSignInSwift in Frameworks */ = {isa = PBXBuildFile; productRef = 18C9B1A92B1DDC00004B7B1B /* GoogleSignInSwift */; };
		18C9B1AC2B1DDC67004B7B1B /* GoogleService-Info.plist in Resources */ = {isa = PBXBuildFile; fileRef = 18C9B1AB2B1DDC67004B7B1B /* GoogleService-Info.plist */; };
/* End PBXBuildFile section */

/* Begin PBXContainerItemProxy section */
		1801505F2B1D3EE60004A604 /* PBXContainerItemProxy */ = {
			isa = PBXContainerItemProxy;
			containerPortal = 180150462B1D3EE40004A604 /* Project object */;
			proxyType = 1;
			remoteGlobalIDString = 1801504D2B1D3EE40004A604;
			remoteInfo = PriceMadisonFinalProject;
		};
		180150692B1D3EE60004A604 /* PBXContainerItemProxy */ = {
			isa = PBXContainerItemProxy;
			containerPortal = 180150462B1D3EE40004A604 /* Project object */;
			proxyType = 1;
			remoteGlobalIDString = 1801504D2B1D3EE40004A604;
			remoteInfo = PriceMadisonFinalProject;
		};
/* End PBXContainerItemProxy section */

/* Begin PBXFileReference section */
		1801504E2B1D3EE40004A604 /* PriceMadisonFinalProject.app */ = {isa = PBXFileReference; explicitFileType = wrapper.application; includeInIndex = 0; path = PriceMadisonFinalProject.app; sourceTree = BUILT_PRODUCTS_DIR; };
		180150512B1D3EE40004A604 /* PriceMadisonFinalProjectApp.swift */ = {isa = PBXFileReference; lastKnownFileType = sourcecode.swift; path = PriceMadisonFinalProjectApp.swift; sourceTree = "<group>"; };
		180150532B1D3EE40004A604 /* ContentView.swift */ = {isa = PBXFileReference; lastKnownFileType = sourcecode.swift; path = ContentView.swift; sourceTree = "<group>"; };
		180150552B1D3EE60004A604 /* Assets.xcassets */ = {isa = PBXFileReference; lastKnownFileType = folder.assetcatalog; path = Assets.xcassets; sourceTree = "<group>"; };
		180150582B1D3EE60004A604 /* Preview Assets.xcassets */ = {isa = PBXFileReference; lastKnownFileType = folder.assetcatalog; path = "Preview Assets.xcassets"; sourceTree = "<group>"; };
		1801505E2B1D3EE60004A604 /* PriceMadisonFinalProjectTests.xctest */ = {isa = PBXFileReference; explicitFileType = wrapper.cfbundle; includeInIndex = 0; path = PriceMadisonFinalProjectTests.xctest; sourceTree = BUILT_PRODUCTS_DIR; };
		180150622B1D3EE60004A604 /* PriceMadisonFinalProjectTests.swift */ = {isa = PBXFileReference; lastKnownFileType = sourcecode.swift; path = PriceMadisonFinalProjectTests.swift; sourceTree = "<group>"; };
		180150682B1D3EE60004A604 /* PriceMadisonFinalProjectUITests.xctest */ = {isa = PBXFileReference; explicitFileType = wrapper.cfbundle; includeInIndex = 0; path = PriceMadisonFinalProjectUITests.xctest; sourceTree = BUILT_PRODUCTS_DIR; };
		1801506C2B1D3EE60004A604 /* PriceMadisonFinalProjectUITests.swift */ = {isa = PBXFileReference; lastKnownFileType = sourcecode.swift; path = PriceMadisonFinalProjectUITests.swift; sourceTree = "<group>"; };
		1801506E2B1D3EE60004A604 /* PriceMadisonFinalProjectUITestsLaunchTests.swift */ = {isa = PBXFileReference; lastKnownFileType = sourcecode.swift; path = PriceMadisonFinalProjectUITestsLaunchTests.swift; sourceTree = "<group>"; };
		1801507F2B1D44930004A604 /* Assignment.swift */ = {isa = PBXFileReference; lastKnownFileType = sourcecode.swift; path = Assignment.swift; sourceTree = "<group>"; };
		180150842B1D47130004A604 /* AssignmentViewModel.swift */ = {isa = PBXFileReference; lastKnownFileType = sourcecode.swift; path = AssignmentViewModel.swift; sourceTree = "<group>"; };
		180150862B1D4D230004A604 /* LoginPage.swift */ = {isa = PBXFileReference; lastKnownFileType = sourcecode.swift; path = LoginPage.swift; sourceTree = "<group>"; };
		180150882B1D536C0004A604 /* BebasNeue-Regular.ttf */ = {isa = PBXFileReference; lastKnownFileType = file; path = "BebasNeue-Regular.ttf"; sourceTree = "<group>"; };
		1801508A2B1D54200004A604 /* Info.plist */ = {isa = PBXFileReference; lastKnownFileType = text.plist; path = Info.plist; sourceTree = "<group>"; };
		1801508B2B1D54F30004A604 /* SignUpPage.swift */ = {isa = PBXFileReference; lastKnownFileType = sourcecode.swift; path = SignUpPage.swift; sourceTree = "<group>"; };
		1801508E2B1D57C80004A604 /* User.swift */ = {isa = PBXFileReference; lastKnownFileType = sourcecode.swift; path = User.swift; sourceTree = "<group>"; };
		180150922B1D58090004A604 /* UserViewModel.swift */ = {isa = PBXFileReference; lastKnownFileType = sourcecode.swift; path = UserViewModel.swift; sourceTree = "<group>"; };
		180150942B1D65280004A604 /* ProfilePage.swift */ = {isa = PBXFileReference; lastKnownFileType = sourcecode.swift; path = ProfilePage.swift; sourceTree = "<group>"; };
		18190C7F2B21609B00B3CD6A /* HomePageRow.swift */ = {isa = PBXFileReference; lastKnownFileType = sourcecode.swift; path = HomePageRow.swift; sourceTree = "<group>"; };
		1849623B2B1EFBC7009505B6 /* HomePage.swift */ = {isa = PBXFileReference; lastKnownFileType = sourcecode.swift; path = HomePage.swift; sourceTree = "<group>"; };
		1849623F2B1F18EF009505B6 /* RobotoCondensed.ttf */ = {isa = PBXFileReference; lastKnownFileType = file; path = RobotoCondensed.ttf; sourceTree = "<group>"; };
		184962412B1F20DC009505B6 /* MainTabPage.swift */ = {isa = PBXFileReference; lastKnownFileType = sourcecode.swift; path = MainTabPage.swift; sourceTree = "<group>"; };
		184962432B1F2131009505B6 /* CalendarPage.swift */ = {isa = PBXFileReference; lastKnownFileType = sourcecode.swift; path = CalendarPage.swift; sourceTree = "<group>"; };
		184962452B1F213D009505B6 /* AssignmentsPage.swift */ = {isa = PBXFileReference; lastKnownFileType = sourcecode.swift; path = AssignmentsPage.swift; sourceTree = "<group>"; };
		184A98282B20748A00EAE71E /* CalendarAssignmentRow.swift */ = {isa = PBXFileReference; lastKnownFileType = sourcecode.swift; path = CalendarAssignmentRow.swift; sourceTree = "<group>"; };
		184A982D2B20E12E00EAE71E /* AssignmentRow.swift */ = {isa = PBXFileReference; lastKnownFileType = sourcecode.swift; path = AssignmentRow.swift; sourceTree = "<group>"; };
		184A982F2B20E1D200EAE71E /* EditAssignmentPage.swift */ = {isa = PBXFileReference; lastKnownFileType = sourcecode.swift; path = EditAssignmentPage.swift; sourceTree = "<group>"; };
		185FC4B12B1FE768009C8DFB /* HomeSettingsPage.swift */ = {isa = PBXFileReference; lastKnownFileType = sourcecode.swift; path = HomeSettingsPage.swift; sourceTree = "<group>"; };
		185FC4B32B1FFA86009C8DFB /* ProgressPage.swift */ = {isa = PBXFileReference; lastKnownFileType = sourcecode.swift; path = ProgressPage.swift; sourceTree = "<group>"; };
		18C9B1AB2B1DDC67004B7B1B /* GoogleService-Info.plist */ = {isa = PBXFileReference; fileEncoding = 4; lastKnownFileType = text.plist.xml; path = "GoogleService-Info.plist"; sourceTree = "<group>"; };
/* End PBXFileReference section */

/* Begin PBXFrameworksBuildPhase section */
		1801504B2B1D3EE40004A604 /* Frameworks */ = {
			isa = PBXFrameworksBuildPhase;
			buildActionMask = 2147483647;
			files = (
				18C9B1832B1DD7F0004B7B1B /* FirebaseDatabase in Frameworks */,
				18C9B1912B1DD7F0004B7B1B /* FirebaseFunctionsCombine-Community in Frameworks */,
				18C9B1892B1DD7F0004B7B1B /* FirebaseFirestore in Frameworks */,
				18C9B1752B1DD7F0004B7B1B /* FirebaseAnalyticsSwift in Frameworks */,
				18C9B1712B1DD7F0004B7B1B /* FirebaseAnalytics in Frameworks */,
				18C9B1732B1DD7F0004B7B1B /* FirebaseAnalyticsOnDeviceConversion in Frameworks */,
				18C9B1992B1DD7F0004B7B1B /* FirebaseMLModelDownloader in Frameworks */,
				18C9B1AA2B1DDC00004B7B1B /* GoogleSignInSwift in Frameworks */,
				18C9B18D2B1DD7F0004B7B1B /* FirebaseFirestoreSwift in Frameworks */,
				18C9B1792B1DD7F0004B7B1B /* FirebaseAppCheck in Frameworks */,
				18C9B1772B1DD7F0004B7B1B /* FirebaseAnalyticsWithoutAdIdSupport in Frameworks */,
				18C9B17D2B1DD7F0004B7B1B /* FirebaseAuth in Frameworks */,
				18C9B1812B1DD7F0004B7B1B /* FirebaseCrashlytics in Frameworks */,
				184A982C2B20C81A00EAE71E /* FSCalendar in Frameworks */,
				18C9B1A12B1DD7F0004B7B1B /* FirebaseRemoteConfigSwift in Frameworks */,
				18C9B1A82B1DDC00004B7B1B /* GoogleSignIn in Frameworks */,
				18C9B1932B1DD7F0004B7B1B /* FirebaseInAppMessaging-Beta in Frameworks */,
				18C9B1852B1DD7F0004B7B1B /* FirebaseDatabaseSwift in Frameworks */,
				18C9B18F2B1DD7F0004B7B1B /* FirebaseFunctions in Frameworks */,
				18C9B1A52B1DD7F0004B7B1B /* FirebaseStorageCombine-Community in Frameworks */,
				18C9B19F2B1DD7F0004B7B1B /* FirebaseRemoteConfig in Frameworks */,
				18C9B17B2B1DD7F0004B7B1B /* FirebaseAppDistribution-Beta in Frameworks */,
				18C9B17F2B1DD7F0004B7B1B /* FirebaseAuthCombine-Community in Frameworks */,
				18C9B19D2B1DD7F0004B7B1B /* FirebasePerformance in Frameworks */,
				18C9B1952B1DD7F0004B7B1B /* FirebaseInAppMessagingSwift-Beta in Frameworks */,
				18C9B1A32B1DD7F0004B7B1B /* FirebaseStorage in Frameworks */,
				18C9B1872B1DD7F0004B7B1B /* FirebaseDynamicLinks in Frameworks */,
				18C9B18B2B1DD7F0004B7B1B /* FirebaseFirestoreCombine-Community in Frameworks */,
				18C9B19B2B1DD7F0004B7B1B /* FirebaseMessaging in Frameworks */,
				18C9B1972B1DD7F0004B7B1B /* FirebaseInstallations in Frameworks */,
			);
			runOnlyForDeploymentPostprocessing = 0;
		};
		1801505B2B1D3EE60004A604 /* Frameworks */ = {
			isa = PBXFrameworksBuildPhase;
			buildActionMask = 2147483647;
			files = (
			);
			runOnlyForDeploymentPostprocessing = 0;
		};
		180150652B1D3EE60004A604 /* Frameworks */ = {
			isa = PBXFrameworksBuildPhase;
			buildActionMask = 2147483647;
			files = (
			);
			runOnlyForDeploymentPostprocessing = 0;
		};
/* End PBXFrameworksBuildPhase section */

/* Begin PBXGroup section */
		180150452B1D3EE40004A604 = {
			isa = PBXGroup;
			children = (
				180150502B1D3EE40004A604 /* PriceMadisonFinalProject */,
				180150612B1D3EE60004A604 /* PriceMadisonFinalProjectTests */,
				1801506B2B1D3EE60004A604 /* PriceMadisonFinalProjectUITests */,
				1801504F2B1D3EE40004A604 /* Products */,
			);
			sourceTree = "<group>";
		};
		1801504F2B1D3EE40004A604 /* Products */ = {
			isa = PBXGroup;
			children = (
				1801504E2B1D3EE40004A604 /* PriceMadisonFinalProject.app */,
				1801505E2B1D3EE60004A604 /* PriceMadisonFinalProjectTests.xctest */,
				180150682B1D3EE60004A604 /* PriceMadisonFinalProjectUITests.xctest */,
			);
			name = Products;
			sourceTree = "<group>";
		};
		180150502B1D3EE40004A604 /* PriceMadisonFinalProject */ = {
			isa = PBXGroup;
			children = (
				1801508A2B1D54200004A604 /* Info.plist */,
				18C9B1AB2B1DDC67004B7B1B /* GoogleService-Info.plist */,
				180150882B1D536C0004A604 /* BebasNeue-Regular.ttf */,
				1849623F2B1F18EF009505B6 /* RobotoCondensed.ttf */,
				1801507E2B1D44810004A604 /* ViewModel */,
				1801507C2B1D44660004A604 /* View */,
				1801507B2B1D445D0004A604 /* Model */,
				180150512B1D3EE40004A604 /* PriceMadisonFinalProjectApp.swift */,
				180150532B1D3EE40004A604 /* ContentView.swift */,
				180150552B1D3EE60004A604 /* Assets.xcassets */,
				180150572B1D3EE60004A604 /* Preview Content */,
			);
			path = PriceMadisonFinalProject;
			sourceTree = "<group>";
		};
		180150572B1D3EE60004A604 /* Preview Content */ = {
			isa = PBXGroup;
			children = (
				180150582B1D3EE60004A604 /* Preview Assets.xcassets */,
			);
			path = "Preview Content";
			sourceTree = "<group>";
		};
		180150612B1D3EE60004A604 /* PriceMadisonFinalProjectTests */ = {
			isa = PBXGroup;
			children = (
				180150622B1D3EE60004A604 /* PriceMadisonFinalProjectTests.swift */,
			);
			path = PriceMadisonFinalProjectTests;
			sourceTree = "<group>";
		};
		1801506B2B1D3EE60004A604 /* PriceMadisonFinalProjectUITests */ = {
			isa = PBXGroup;
			children = (
				1801506C2B1D3EE60004A604 /* PriceMadisonFinalProjectUITests.swift */,
				1801506E2B1D3EE60004A604 /* PriceMadisonFinalProjectUITestsLaunchTests.swift */,
			);
			path = PriceMadisonFinalProjectUITests;
			sourceTree = "<group>";
		};
		1801507B2B1D445D0004A604 /* Model */ = {
			isa = PBXGroup;
			children = (
				1801507F2B1D44930004A604 /* Assignment.swift */,
				1801508E2B1D57C80004A604 /* User.swift */,
			);
			path = Model;
			sourceTree = "<group>";
		};
		1801507C2B1D44660004A604 /* View */ = {
			isa = PBXGroup;
			children = (
				180150862B1D4D230004A604 /* LoginPage.swift */,
				1801508B2B1D54F30004A604 /* SignUpPage.swift */,
				180150942B1D65280004A604 /* ProfilePage.swift */,
				1849623B2B1EFBC7009505B6 /* HomePage.swift */,
				184962412B1F20DC009505B6 /* MainTabPage.swift */,
				184962432B1F2131009505B6 /* CalendarPage.swift */,
				184962452B1F213D009505B6 /* AssignmentsPage.swift */,
				185FC4B12B1FE768009C8DFB /* HomeSettingsPage.swift */,
				185FC4B32B1FFA86009C8DFB /* ProgressPage.swift */,
				184A98282B20748A00EAE71E /* CalendarAssignmentRow.swift */,
				184A982D2B20E12E00EAE71E /* AssignmentRow.swift */,
				184A982F2B20E1D200EAE71E /* EditAssignmentPage.swift */,
				18190C7F2B21609B00B3CD6A /* HomePageRow.swift */,
			);
			path = View;
			sourceTree = "<group>";
		};
		1801507E2B1D44810004A604 /* ViewModel */ = {
			isa = PBXGroup;
			children = (
				180150842B1D47130004A604 /* AssignmentViewModel.swift */,
				180150922B1D58090004A604 /* UserViewModel.swift */,
			);
			path = ViewModel;
			sourceTree = "<group>";
		};
/* End PBXGroup section */

/* Begin PBXNativeTarget section */
		1801504D2B1D3EE40004A604 /* PriceMadisonFinalProject */ = {
			isa = PBXNativeTarget;
			buildConfigurationList = 180150722B1D3EE60004A604 /* Build configuration list for PBXNativeTarget "PriceMadisonFinalProject" */;
			buildPhases = (
				1801504A2B1D3EE40004A604 /* Sources */,
				1801504B2B1D3EE40004A604 /* Frameworks */,
				1801504C2B1D3EE40004A604 /* Resources */,
			);
			buildRules = (
			);
			dependencies = (
			);
			name = PriceMadisonFinalProject;
			packageProductDependencies = (
				18C9B1702B1DD7F0004B7B1B /* FirebaseAnalytics */,
				18C9B1722B1DD7F0004B7B1B /* FirebaseAnalyticsOnDeviceConversion */,
				18C9B1742B1DD7F0004B7B1B /* FirebaseAnalyticsSwift */,
				18C9B1762B1DD7F0004B7B1B /* FirebaseAnalyticsWithoutAdIdSupport */,
				18C9B1782B1DD7F0004B7B1B /* FirebaseAppCheck */,
				18C9B17A2B1DD7F0004B7B1B /* FirebaseAppDistribution-Beta */,
				18C9B17C2B1DD7F0004B7B1B /* FirebaseAuth */,
				18C9B17E2B1DD7F0004B7B1B /* FirebaseAuthCombine-Community */,
				18C9B1802B1DD7F0004B7B1B /* FirebaseCrashlytics */,
				18C9B1822B1DD7F0004B7B1B /* FirebaseDatabase */,
				18C9B1842B1DD7F0004B7B1B /* FirebaseDatabaseSwift */,
				18C9B1862B1DD7F0004B7B1B /* FirebaseDynamicLinks */,
				18C9B1882B1DD7F0004B7B1B /* FirebaseFirestore */,
				18C9B18A2B1DD7F0004B7B1B /* FirebaseFirestoreCombine-Community */,
				18C9B18C2B1DD7F0004B7B1B /* FirebaseFirestoreSwift */,
				18C9B18E2B1DD7F0004B7B1B /* FirebaseFunctions */,
				18C9B1902B1DD7F0004B7B1B /* FirebaseFunctionsCombine-Community */,
				18C9B1922B1DD7F0004B7B1B /* FirebaseInAppMessaging-Beta */,
				18C9B1942B1DD7F0004B7B1B /* FirebaseInAppMessagingSwift-Beta */,
				18C9B1962B1DD7F0004B7B1B /* FirebaseInstallations */,
				18C9B1982B1DD7F0004B7B1B /* FirebaseMLModelDownloader */,
				18C9B19A2B1DD7F0004B7B1B /* FirebaseMessaging */,
				18C9B19C2B1DD7F0004B7B1B /* FirebasePerformance */,
				18C9B19E2B1DD7F0004B7B1B /* FirebaseRemoteConfig */,
				18C9B1A02B1DD7F0004B7B1B /* FirebaseRemoteConfigSwift */,
				18C9B1A22B1DD7F0004B7B1B /* FirebaseStorage */,
				18C9B1A42B1DD7F0004B7B1B /* FirebaseStorageCombine-Community */,
				18C9B1A72B1DDC00004B7B1B /* GoogleSignIn */,
				18C9B1A92B1DDC00004B7B1B /* GoogleSignInSwift */,
				184A982B2B20C81A00EAE71E /* FSCalendar */,
			);
			productName = PriceMadisonFinalProject;
			productReference = 1801504E2B1D3EE40004A604 /* PriceMadisonFinalProject.app */;
			productType = "com.apple.product-type.application";
		};
		1801505D2B1D3EE60004A604 /* PriceMadisonFinalProjectTests */ = {
			isa = PBXNativeTarget;
			buildConfigurationList = 180150752B1D3EE60004A604 /* Build configuration list for PBXNativeTarget "PriceMadisonFinalProjectTests" */;
			buildPhases = (
				1801505A2B1D3EE60004A604 /* Sources */,
				1801505B2B1D3EE60004A604 /* Frameworks */,
				1801505C2B1D3EE60004A604 /* Resources */,
			);
			buildRules = (
			);
			dependencies = (
				180150602B1D3EE60004A604 /* PBXTargetDependency */,
			);
			name = PriceMadisonFinalProjectTests;
			productName = PriceMadisonFinalProjectTests;
			productReference = 1801505E2B1D3EE60004A604 /* PriceMadisonFinalProjectTests.xctest */;
			productType = "com.apple.product-type.bundle.unit-test";
		};
		180150672B1D3EE60004A604 /* PriceMadisonFinalProjectUITests */ = {
			isa = PBXNativeTarget;
			buildConfigurationList = 180150782B1D3EE60004A604 /* Build configuration list for PBXNativeTarget "PriceMadisonFinalProjectUITests" */;
			buildPhases = (
				180150642B1D3EE60004A604 /* Sources */,
				180150652B1D3EE60004A604 /* Frameworks */,
				180150662B1D3EE60004A604 /* Resources */,
			);
			buildRules = (
			);
			dependencies = (
				1801506A2B1D3EE60004A604 /* PBXTargetDependency */,
			);
			name = PriceMadisonFinalProjectUITests;
			productName = PriceMadisonFinalProjectUITests;
			productReference = 180150682B1D3EE60004A604 /* PriceMadisonFinalProjectUITests.xctest */;
			productType = "com.apple.product-type.bundle.ui-testing";
		};
/* End PBXNativeTarget section */

/* Begin PBXProject section */
		180150462B1D3EE40004A604 /* Project object */ = {
			isa = PBXProject;
			attributes = {
				BuildIndependentTargetsInParallel = 1;
				LastSwiftUpdateCheck = 1500;
				LastUpgradeCheck = 1500;
				TargetAttributes = {
					1801504D2B1D3EE40004A604 = {
						CreatedOnToolsVersion = 15.0.1;
					};
					1801505D2B1D3EE60004A604 = {
						CreatedOnToolsVersion = 15.0.1;
						TestTargetID = 1801504D2B1D3EE40004A604;
					};
					180150672B1D3EE60004A604 = {
						CreatedOnToolsVersion = 15.0.1;
						TestTargetID = 1801504D2B1D3EE40004A604;
					};
				};
			};
			buildConfigurationList = 180150492B1D3EE40004A604 /* Build configuration list for PBXProject "PriceMadisonFinalProject" */;
			compatibilityVersion = "Xcode 14.0";
			developmentRegion = en;
			hasScannedForEncodings = 0;
			knownRegions = (
				en,
				Base,
			);
			mainGroup = 180150452B1D3EE40004A604;
			packageReferences = (
				18C9B16F2B1DD7F0004B7B1B /* XCRemoteSwiftPackageReference "firebase-ios-sdk" */,
				18C9B1A62B1DDC00004B7B1B /* XCRemoteSwiftPackageReference "GoogleSignIn-iOS" */,
				184A982A2B20C81900EAE71E /* XCRemoteSwiftPackageReference "FSCalendar" */,
			);
			productRefGroup = 1801504F2B1D3EE40004A604 /* Products */;
			projectDirPath = "";
			projectRoot = "";
			targets = (
				1801504D2B1D3EE40004A604 /* PriceMadisonFinalProject */,
				1801505D2B1D3EE60004A604 /* PriceMadisonFinalProjectTests */,
				180150672B1D3EE60004A604 /* PriceMadisonFinalProjectUITests */,
			);
		};
/* End PBXProject section */

/* Begin PBXResourcesBuildPhase section */
		1801504C2B1D3EE40004A604 /* Resources */ = {
			isa = PBXResourcesBuildPhase;
			buildActionMask = 2147483647;
			files = (
				18C9B1AC2B1DDC67004B7B1B /* GoogleService-Info.plist in Resources */,
				180150592B1D3EE60004A604 /* Preview Assets.xcassets in Resources */,
				184962402B1F18EF009505B6 /* RobotoCondensed.ttf in Resources */,
				180150562B1D3EE60004A604 /* Assets.xcassets in Resources */,
				180150892B1D536C0004A604 /* BebasNeue-Regular.ttf in Resources */,
			);
			runOnlyForDeploymentPostprocessing = 0;
		};
		1801505C2B1D3EE60004A604 /* Resources */ = {
			isa = PBXResourcesBuildPhase;
			buildActionMask = 2147483647;
			files = (
			);
			runOnlyForDeploymentPostprocessing = 0;
		};
		180150662B1D3EE60004A604 /* Resources */ = {
			isa = PBXResourcesBuildPhase;
			buildActionMask = 2147483647;
			files = (
			);
			runOnlyForDeploymentPostprocessing = 0;
		};
/* End PBXResourcesBuildPhase section */

/* Begin PBXSourcesBuildPhase section */
		1801504A2B1D3EE40004A604 /* Sources */ = {
			isa = PBXSourcesBuildPhase;
			buildActionMask = 2147483647;
			files = (
				184962442B1F2131009505B6 /* CalendarPage.swift in Sources */,
				1801508C2B1D54F40004A604 /* SignUpPage.swift in Sources */,
				180150852B1D47130004A604 /* AssignmentViewModel.swift in Sources */,
				180150802B1D44930004A604 /* Assignment.swift in Sources */,
				180150932B1D58090004A604 /* UserViewModel.swift in Sources */,
				184A98292B20748A00EAE71E /* CalendarAssignmentRow.swift in Sources */,
				185FC4B42B1FFA86009C8DFB /* ProgressPage.swift in Sources */,
				184A98302B20E1D200EAE71E /* EditAssignmentPage.swift in Sources */,
				180150542B1D3EE40004A604 /* ContentView.swift in Sources */,
				1801508F2B1D57C80004A604 /* User.swift in Sources */,
				180150872B1D4D240004A604 /* LoginPage.swift in Sources */,
				184962422B1F20DD009505B6 /* MainTabPage.swift in Sources */,
				184962462B1F213D009505B6 /* AssignmentsPage.swift in Sources */,
				1849623C2B1EFBC7009505B6 /* HomePage.swift in Sources */,
				185FC4B22B1FE768009C8DFB /* HomeSettingsPage.swift in Sources */,
				180150952B1D65280004A604 /* ProfilePage.swift in Sources */,
				184A982E2B20E12E00EAE71E /* AssignmentRow.swift in Sources */,
				18190C802B21609B00B3CD6A /* HomePageRow.swift in Sources */,
				180150522B1D3EE40004A604 /* PriceMadisonFinalProjectApp.swift in Sources */,
			);
			runOnlyForDeploymentPostprocessing = 0;
		};
		1801505A2B1D3EE60004A604 /* Sources */ = {
			isa = PBXSourcesBuildPhase;
			buildActionMask = 2147483647;
			files = (
				180150632B1D3EE60004A604 /* PriceMadisonFinalProjectTests.swift in Sources */,
			);
			runOnlyForDeploymentPostprocessing = 0;
		};
		180150642B1D3EE60004A604 /* Sources */ = {
			isa = PBXSourcesBuildPhase;
			buildActionMask = 2147483647;
			files = (
				1801506D2B1D3EE60004A604 /* PriceMadisonFinalProjectUITests.swift in Sources */,
				1801506F2B1D3EE60004A604 /* PriceMadisonFinalProjectUITestsLaunchTests.swift in Sources */,
			);
			runOnlyForDeploymentPostprocessing = 0;
		};
/* End PBXSourcesBuildPhase section */

/* Begin PBXTargetDependency section */
		180150602B1D3EE60004A604 /* PBXTargetDependency */ = {
			isa = PBXTargetDependency;
			target = 1801504D2B1D3EE40004A604 /* PriceMadisonFinalProject */;
			targetProxy = 1801505F2B1D3EE60004A604 /* PBXContainerItemProxy */;
		};
		1801506A2B1D3EE60004A604 /* PBXTargetDependency */ = {
			isa = PBXTargetDependency;
			target = 1801504D2B1D3EE40004A604 /* PriceMadisonFinalProject */;
			targetProxy = 180150692B1D3EE60004A604 /* PBXContainerItemProxy */;
		};
/* End PBXTargetDependency section */

/* Begin XCBuildConfiguration section */
		180150702B1D3EE60004A604 /* Debug */ = {
			isa = XCBuildConfiguration;
			buildSettings = {
				ALWAYS_SEARCH_USER_PATHS = NO;
				ASSETCATALOG_COMPILER_GENERATE_SWIFT_ASSET_SYMBOL_EXTENSIONS = YES;
				CLANG_ANALYZER_NONNULL = YES;
				CLANG_ANALYZER_NUMBER_OBJECT_CONVERSION = YES_AGGRESSIVE;
				CLANG_CXX_LANGUAGE_STANDARD = "gnu++20";
				CLANG_ENABLE_MODULES = YES;
				CLANG_ENABLE_OBJC_ARC = YES;
				CLANG_ENABLE_OBJC_WEAK = YES;
				CLANG_WARN_BLOCK_CAPTURE_AUTORELEASING = YES;
				CLANG_WARN_BOOL_CONVERSION = YES;
				CLANG_WARN_COMMA = YES;
				CLANG_WARN_CONSTANT_CONVERSION = YES;
				CLANG_WARN_DEPRECATED_OBJC_IMPLEMENTATIONS = YES;
				CLANG_WARN_DIRECT_OBJC_ISA_USAGE = YES_ERROR;
				CLANG_WARN_DOCUMENTATION_COMMENTS = YES;
				CLANG_WARN_EMPTY_BODY = YES;
				CLANG_WARN_ENUM_CONVERSION = YES;
				CLANG_WARN_INFINITE_RECURSION = YES;
				CLANG_WARN_INT_CONVERSION = YES;
				CLANG_WARN_NON_LITERAL_NULL_CONVERSION = YES;
				CLANG_WARN_OBJC_IMPLICIT_RETAIN_SELF = YES;
				CLANG_WARN_OBJC_LITERAL_CONVERSION = YES;
				CLANG_WARN_OBJC_ROOT_CLASS = YES_ERROR;
				CLANG_WARN_QUOTED_INCLUDE_IN_FRAMEWORK_HEADER = YES;
				CLANG_WARN_RANGE_LOOP_ANALYSIS = YES;
				CLANG_WARN_STRICT_PROTOTYPES = YES;
				CLANG_WARN_SUSPICIOUS_MOVE = YES;
				CLANG_WARN_UNGUARDED_AVAILABILITY = YES_AGGRESSIVE;
				CLANG_WARN_UNREACHABLE_CODE = YES;
				CLANG_WARN__DUPLICATE_METHOD_MATCH = YES;
				COPY_PHASE_STRIP = NO;
				DEBUG_INFORMATION_FORMAT = dwarf;
				ENABLE_STRICT_OBJC_MSGSEND = YES;
				ENABLE_TESTABILITY = YES;
				ENABLE_USER_SCRIPT_SANDBOXING = YES;
				GCC_C_LANGUAGE_STANDARD = gnu17;
				GCC_DYNAMIC_NO_PIC = NO;
				GCC_NO_COMMON_BLOCKS = YES;
				GCC_OPTIMIZATION_LEVEL = 0;
				GCC_PREPROCESSOR_DEFINITIONS = (
					"DEBUG=1",
					"$(inherited)",
				);
				GCC_WARN_64_TO_32_BIT_CONVERSION = YES;
				GCC_WARN_ABOUT_RETURN_TYPE = YES_ERROR;
				GCC_WARN_UNDECLARED_SELECTOR = YES;
				GCC_WARN_UNINITIALIZED_AUTOS = YES_AGGRESSIVE;
				GCC_WARN_UNUSED_FUNCTION = YES;
				GCC_WARN_UNUSED_VARIABLE = YES;
				IPHONEOS_DEPLOYMENT_TARGET = 17.0;
				LOCALIZATION_PREFERS_STRING_CATALOGS = YES;
				MTL_ENABLE_DEBUG_INFO = INCLUDE_SOURCE;
				MTL_FAST_MATH = YES;
				ONLY_ACTIVE_ARCH = YES;
				SDKROOT = iphoneos;
				SWIFT_ACTIVE_COMPILATION_CONDITIONS = "DEBUG $(inherited)";
				SWIFT_OPTIMIZATION_LEVEL = "-Onone";
			};
			name = Debug;
		};
		180150712B1D3EE60004A604 /* Release */ = {
			isa = XCBuildConfiguration;
			buildSettings = {
				ALWAYS_SEARCH_USER_PATHS = NO;
				ASSETCATALOG_COMPILER_GENERATE_SWIFT_ASSET_SYMBOL_EXTENSIONS = YES;
				CLANG_ANALYZER_NONNULL = YES;
				CLANG_ANALYZER_NUMBER_OBJECT_CONVERSION = YES_AGGRESSIVE;
				CLANG_CXX_LANGUAGE_STANDARD = "gnu++20";
				CLANG_ENABLE_MODULES = YES;
				CLANG_ENABLE_OBJC_ARC = YES;
				CLANG_ENABLE_OBJC_WEAK = YES;
				CLANG_WARN_BLOCK_CAPTURE_AUTORELEASING = YES;
				CLANG_WARN_BOOL_CONVERSION = YES;
				CLANG_WARN_COMMA = YES;
				CLANG_WARN_CONSTANT_CONVERSION = YES;
				CLANG_WARN_DEPRECATED_OBJC_IMPLEMENTATIONS = YES;
				CLANG_WARN_DIRECT_OBJC_ISA_USAGE = YES_ERROR;
				CLANG_WARN_DOCUMENTATION_COMMENTS = YES;
				CLANG_WARN_EMPTY_BODY = YES;
				CLANG_WARN_ENUM_CONVERSION = YES;
				CLANG_WARN_INFINITE_RECURSION = YES;
				CLANG_WARN_INT_CONVERSION = YES;
				CLANG_WARN_NON_LITERAL_NULL_CONVERSION = YES;
				CLANG_WARN_OBJC_IMPLICIT_RETAIN_SELF = YES;
				CLANG_WARN_OBJC_LITERAL_CONVERSION = YES;
				CLANG_WARN_OBJC_ROOT_CLASS = YES_ERROR;
				CLANG_WARN_QUOTED_INCLUDE_IN_FRAMEWORK_HEADER = YES;
				CLANG_WARN_RANGE_LOOP_ANALYSIS = YES;
				CLANG_WARN_STRICT_PROTOTYPES = YES;
				CLANG_WARN_SUSPICIOUS_MOVE = YES;
				CLANG_WARN_UNGUARDED_AVAILABILITY = YES_AGGRESSIVE;
				CLANG_WARN_UNREACHABLE_CODE = YES;
				CLANG_WARN__DUPLICATE_METHOD_MATCH = YES;
				COPY_PHASE_STRIP = NO;
				DEBUG_INFORMATION_FORMAT = "dwarf-with-dsym";
				ENABLE_NS_ASSERTIONS = NO;
				ENABLE_STRICT_OBJC_MSGSEND = YES;
				ENABLE_USER_SCRIPT_SANDBOXING = YES;
				GCC_C_LANGUAGE_STANDARD = gnu17;
				GCC_NO_COMMON_BLOCKS = YES;
				GCC_WARN_64_TO_32_BIT_CONVERSION = YES;
				GCC_WARN_ABOUT_RETURN_TYPE = YES_ERROR;
				GCC_WARN_UNDECLARED_SELECTOR = YES;
				GCC_WARN_UNINITIALIZED_AUTOS = YES_AGGRESSIVE;
				GCC_WARN_UNUSED_FUNCTION = YES;
				GCC_WARN_UNUSED_VARIABLE = YES;
				IPHONEOS_DEPLOYMENT_TARGET = 17.0;
				LOCALIZATION_PREFERS_STRING_CATALOGS = YES;
				MTL_ENABLE_DEBUG_INFO = NO;
				MTL_FAST_MATH = YES;
				SDKROOT = iphoneos;
				SWIFT_COMPILATION_MODE = wholemodule;
				VALIDATE_PRODUCT = YES;
			};
			name = Release;
		};
		180150732B1D3EE60004A604 /* Debug */ = {
			isa = XCBuildConfiguration;
			buildSettings = {
				ASSETCATALOG_COMPILER_APPICON_NAME = AppIcon;
				ASSETCATALOG_COMPILER_GLOBAL_ACCENT_COLOR_NAME = AccentColor;
				CODE_SIGN_STYLE = Automatic;
				CURRENT_PROJECT_VERSION = 1;
				DEVELOPMENT_ASSET_PATHS = "\"PriceMadisonFinalProject/Preview Content\"";
				ENABLE_PREVIEWS = YES;
				GENERATE_INFOPLIST_FILE = YES;
				INFOPLIST_FILE = PriceMadisonFinalProject/Info.plist;
				INFOPLIST_KEY_CFBundleDisplayName = Dawn;
				INFOPLIST_KEY_UIApplicationSceneManifest_Generation = YES;
				INFOPLIST_KEY_UIApplicationSupportsIndirectInputEvents = YES;
				INFOPLIST_KEY_UILaunchScreen_Generation = YES;
				INFOPLIST_KEY_UISupportedInterfaceOrientations = UIInterfaceOrientationPortrait;
				INFOPLIST_KEY_UISupportedInterfaceOrientations_iPad = "UIInterfaceOrientationLandscapeLeft UIInterfaceOrientationLandscapeRight UIInterfaceOrientationPortrait UIInterfaceOrientationPortraitUpsideDown";
				LD_RUNPATH_SEARCH_PATHS = (
					"$(inherited)",
					"@executable_path/Frameworks",
				);
				MARKETING_VERSION = 1.0;
				PRODUCT_BUNDLE_IDENTIFIER = usc.edu.PriceMadisonFinalProject;
				PRODUCT_NAME = "$(TARGET_NAME)";
				SWIFT_EMIT_LOC_STRINGS = YES;
				SWIFT_VERSION = 5.0;
				TARGETED_DEVICE_FAMILY = "1,2";
			};
			name = Debug;
		};
		180150742B1D3EE60004A604 /* Release */ = {
			isa = XCBuildConfiguration;
			buildSettings = {
				ASSETCATALOG_COMPILER_APPICON_NAME = AppIcon;
				ASSETCATALOG_COMPILER_GLOBAL_ACCENT_COLOR_NAME = AccentColor;
				CODE_SIGN_STYLE = Automatic;
				CURRENT_PROJECT_VERSION = 1;
				DEVELOPMENT_ASSET_PATHS = "\"PriceMadisonFinalProject/Preview Content\"";
				ENABLE_PREVIEWS = YES;
				GENERATE_INFOPLIST_FILE = YES;
				INFOPLIST_FILE = PriceMadisonFinalProject/Info.plist;
				INFOPLIST_KEY_CFBundleDisplayName = Dawn;
				INFOPLIST_KEY_UIApplicationSceneManifest_Generation = YES;
				INFOPLIST_KEY_UIApplicationSupportsIndirectInputEvents = YES;
				INFOPLIST_KEY_UILaunchScreen_Generation = YES;
				INFOPLIST_KEY_UISupportedInterfaceOrientations = UIInterfaceOrientationPortrait;
				INFOPLIST_KEY_UISupportedInterfaceOrientations_iPad = "UIInterfaceOrientationLandscapeLeft UIInterfaceOrientationLandscapeRight UIInterfaceOrientationPortrait UIInterfaceOrientationPortraitUpsideDown";
				LD_RUNPATH_SEARCH_PATHS = (
					"$(inherited)",
					"@executable_path/Frameworks",
				);
				MARKETING_VERSION = 1.0;
				PRODUCT_BUNDLE_IDENTIFIER = usc.edu.PriceMadisonFinalProject;
				PRODUCT_NAME = "$(TARGET_NAME)";
				SWIFT_EMIT_LOC_STRINGS = YES;
				SWIFT_VERSION = 5.0;
				TARGETED_DEVICE_FAMILY = "1,2";
			};
			name = Release;
		};
		180150762B1D3EE60004A604 /* Debug */ = {
			isa = XCBuildConfiguration;
			buildSettings = {
				ALWAYS_EMBED_SWIFT_STANDARD_LIBRARIES = YES;
				BUNDLE_LOADER = "$(TEST_HOST)";
				CODE_SIGN_STYLE = Automatic;
				CURRENT_PROJECT_VERSION = 1;
				GENERATE_INFOPLIST_FILE = YES;
				IPHONEOS_DEPLOYMENT_TARGET = 17.0;
				MARKETING_VERSION = 1.0;
				PRODUCT_BUNDLE_IDENTIFIER = usc.edu.PriceMadisonFinalProjectTests;
				PRODUCT_NAME = "$(TARGET_NAME)";
				SWIFT_EMIT_LOC_STRINGS = NO;
				SWIFT_VERSION = 5.0;
				TARGETED_DEVICE_FAMILY = "1,2";
				TEST_HOST = "$(BUILT_PRODUCTS_DIR)/PriceMadisonFinalProject.app/$(BUNDLE_EXECUTABLE_FOLDER_PATH)/PriceMadisonFinalProject";
			};
			name = Debug;
		};
		180150772B1D3EE60004A604 /* Release */ = {
			isa = XCBuildConfiguration;
			buildSettings = {
				ALWAYS_EMBED_SWIFT_STANDARD_LIBRARIES = YES;
				BUNDLE_LOADER = "$(TEST_HOST)";
				CODE_SIGN_STYLE = Automatic;
				CURRENT_PROJECT_VERSION = 1;
				GENERATE_INFOPLIST_FILE = YES;
				IPHONEOS_DEPLOYMENT_TARGET = 17.0;
				MARKETING_VERSION = 1.0;
				PRODUCT_BUNDLE_IDENTIFIER = usc.edu.PriceMadisonFinalProjectTests;
				PRODUCT_NAME = "$(TARGET_NAME)";
				SWIFT_EMIT_LOC_STRINGS = NO;
				SWIFT_VERSION = 5.0;
				TARGETED_DEVICE_FAMILY = "1,2";
				TEST_HOST = "$(BUILT_PRODUCTS_DIR)/PriceMadisonFinalProject.app/$(BUNDLE_EXECUTABLE_FOLDER_PATH)/PriceMadisonFinalProject";
			};
			name = Release;
		};
		180150792B1D3EE60004A604 /* Debug */ = {
			isa = XCBuildConfiguration;
			buildSettings = {
				ALWAYS_EMBED_SWIFT_STANDARD_LIBRARIES = YES;
				CODE_SIGN_STYLE = Automatic;
				CURRENT_PROJECT_VERSION = 1;
				GENERATE_INFOPLIST_FILE = YES;
				MARKETING_VERSION = 1.0;
				PRODUCT_BUNDLE_IDENTIFIER = usc.edu.PriceMadisonFinalProjectUITests;
				PRODUCT_NAME = "$(TARGET_NAME)";
				SWIFT_EMIT_LOC_STRINGS = NO;
				SWIFT_VERSION = 5.0;
				TARGETED_DEVICE_FAMILY = "1,2";
				TEST_TARGET_NAME = PriceMadisonFinalProject;
			};
			name = Debug;
		};
		1801507A2B1D3EE60004A604 /* Release */ = {
			isa = XCBuildConfiguration;
			buildSettings = {
				ALWAYS_EMBED_SWIFT_STANDARD_LIBRARIES = YES;
				CODE_SIGN_STYLE = Automatic;
				CURRENT_PROJECT_VERSION = 1;
				GENERATE_INFOPLIST_FILE = YES;
				MARKETING_VERSION = 1.0;
				PRODUCT_BUNDLE_IDENTIFIER = usc.edu.PriceMadisonFinalProjectUITests;
				PRODUCT_NAME = "$(TARGET_NAME)";
				SWIFT_EMIT_LOC_STRINGS = NO;
				SWIFT_VERSION = 5.0;
				TARGETED_DEVICE_FAMILY = "1,2";
				TEST_TARGET_NAME = PriceMadisonFinalProject;
			};
			name = Release;
		};
/* End XCBuildConfiguration section */

/* Begin XCConfigurationList section */
		180150492B1D3EE40004A604 /* Build configuration list for PBXProject "PriceMadisonFinalProject" */ = {
			isa = XCConfigurationList;
			buildConfigurations = (
				180150702B1D3EE60004A604 /* Debug */,
				180150712B1D3EE60004A604 /* Release */,
			);
			defaultConfigurationIsVisible = 0;
			defaultConfigurationName = Release;
		};
		180150722B1D3EE60004A604 /* Build configuration list for PBXNativeTarget "PriceMadisonFinalProject" */ = {
			isa = XCConfigurationList;
			buildConfigurations = (
				180150732B1D3EE60004A604 /* Debug */,
				180150742B1D3EE60004A604 /* Release */,
			);
			defaultConfigurationIsVisible = 0;
			defaultConfigurationName = Release;
		};
		180150752B1D3EE60004A604 /* Build configuration list for PBXNativeTarget "PriceMadisonFinalProjectTests" */ = {
			isa = XCConfigurationList;
			buildConfigurations = (
				180150762B1D3EE60004A604 /* Debug */,
				180150772B1D3EE60004A604 /* Release */,
			);
			defaultConfigurationIsVisible = 0;
			defaultConfigurationName = Release;
		};
		180150782B1D3EE60004A604 /* Build configuration list for PBXNativeTarget "PriceMadisonFinalProjectUITests" */ = {
			isa = XCConfigurationList;
			buildConfigurations = (
				180150792B1D3EE60004A604 /* Debug */,
				1801507A2B1D3EE60004A604 /* Release */,
			);
			defaultConfigurationIsVisible = 0;
			defaultConfigurationName = Release;
		};
/* End XCConfigurationList section */

/* Begin XCRemoteSwiftPackageReference section */
		184A982A2B20C81900EAE71E /* XCRemoteSwiftPackageReference "FSCalendar" */ = {
			isa = XCRemoteSwiftPackageReference;
			repositoryURL = "https://github.com/WenchaoD/FSCalendar";
			requirement = {
				kind = upToNextMajorVersion;
				minimumVersion = 2.8.4;
			};
		};
		18C9B16F2B1DD7F0004B7B1B /* XCRemoteSwiftPackageReference "firebase-ios-sdk" */ = {
			isa = XCRemoteSwiftPackageReference;
			repositoryURL = "https://github.com/firebase/firebase-ios-sdk";
			requirement = {
				kind = upToNextMajorVersion;
				minimumVersion = 10.18.0;
			};
		};
		18C9B1A62B1DDC00004B7B1B /* XCRemoteSwiftPackageReference "GoogleSignIn-iOS" */ = {
			isa = XCRemoteSwiftPackageReference;
			repositoryURL = "https://github.com/google/GoogleSignIn-iOS";
			requirement = {
				kind = upToNextMajorVersion;
				minimumVersion = 7.0.0;
			};
		};
/* End XCRemoteSwiftPackageReference section */

/* Begin XCSwiftPackageProductDependency section */
		184A982B2B20C81A00EAE71E /* FSCalendar */ = {
			isa = XCSwiftPackageProductDependency;
			package = 184A982A2B20C81900EAE71E /* XCRemoteSwiftPackageReference "FSCalendar" */;
			productName = FSCalendar;
		};
		18C9B1702B1DD7F0004B7B1B /* FirebaseAnalytics */ = {
			isa = XCSwiftPackageProductDependency;
			package = 18C9B16F2B1DD7F0004B7B1B /* XCRemoteSwiftPackageReference "firebase-ios-sdk" */;
			productName = FirebaseAnalytics;
		};
		18C9B1722B1DD7F0004B7B1B /* FirebaseAnalyticsOnDeviceConversion */ = {
			isa = XCSwiftPackageProductDependency;
			package = 18C9B16F2B1DD7F0004B7B1B /* XCRemoteSwiftPackageReference "firebase-ios-sdk" */;
			productName = FirebaseAnalyticsOnDeviceConversion;
		};
		18C9B1742B1DD7F0004B7B1B /* FirebaseAnalyticsSwift */ = {
			isa = XCSwiftPackageProductDependency;
			package = 18C9B16F2B1DD7F0004B7B1B /* XCRemoteSwiftPackageReference "firebase-ios-sdk" */;
			productName = FirebaseAnalyticsSwift;
		};
		18C9B1762B1DD7F0004B7B1B /* FirebaseAnalyticsWithoutAdIdSupport */ = {
			isa = XCSwiftPackageProductDependency;
			package = 18C9B16F2B1DD7F0004B7B1B /* XCRemoteSwiftPackageReference "firebase-ios-sdk" */;
			productName = FirebaseAnalyticsWithoutAdIdSupport;
		};
		18C9B1782B1DD7F0004B7B1B /* FirebaseAppCheck */ = {
			isa = XCSwiftPackageProductDependency;
			package = 18C9B16F2B1DD7F0004B7B1B /* XCRemoteSwiftPackageReference "firebase-ios-sdk" */;
			productName = FirebaseAppCheck;
		};
		18C9B17A2B1DD7F0004B7B1B /* FirebaseAppDistribution-Beta */ = {
			isa = XCSwiftPackageProductDependency;
			package = 18C9B16F2B1DD7F0004B7B1B /* XCRemoteSwiftPackageReference "firebase-ios-sdk" */;
			productName = "FirebaseAppDistribution-Beta";
		};
		18C9B17C2B1DD7F0004B7B1B /* FirebaseAuth */ = {
			isa = XCSwiftPackageProductDependency;
			package = 18C9B16F2B1DD7F0004B7B1B /* XCRemoteSwiftPackageReference "firebase-ios-sdk" */;
			productName = FirebaseAuth;
		};
		18C9B17E2B1DD7F0004B7B1B /* FirebaseAuthCombine-Community */ = {
			isa = XCSwiftPackageProductDependency;
			package = 18C9B16F2B1DD7F0004B7B1B /* XCRemoteSwiftPackageReference "firebase-ios-sdk" */;
			productName = "FirebaseAuthCombine-Community";
		};
		18C9B1802B1DD7F0004B7B1B /* FirebaseCrashlytics */ = {
			isa = XCSwiftPackageProductDependency;
			package = 18C9B16F2B1DD7F0004B7B1B /* XCRemoteSwiftPackageReference "firebase-ios-sdk" */;
			productName = FirebaseCrashlytics;
		};
		18C9B1822B1DD7F0004B7B1B /* FirebaseDatabase */ = {
			isa = XCSwiftPackageProductDependency;
			package = 18C9B16F2B1DD7F0004B7B1B /* XCRemoteSwiftPackageReference "firebase-ios-sdk" */;
			productName = FirebaseDatabase;
		};
		18C9B1842B1DD7F0004B7B1B /* FirebaseDatabaseSwift */ = {
			isa = XCSwiftPackageProductDependency;
			package = 18C9B16F2B1DD7F0004B7B1B /* XCRemoteSwiftPackageReference "firebase-ios-sdk" */;
			productName = FirebaseDatabaseSwift;
		};
		18C9B1862B1DD7F0004B7B1B /* FirebaseDynamicLinks */ = {
			isa = XCSwiftPackageProductDependency;
			package = 18C9B16F2B1DD7F0004B7B1B /* XCRemoteSwiftPackageReference "firebase-ios-sdk" */;
			productName = FirebaseDynamicLinks;
		};
		18C9B1882B1DD7F0004B7B1B /* FirebaseFirestore */ = {
			isa = XCSwiftPackageProductDependency;
			package = 18C9B16F2B1DD7F0004B7B1B /* XCRemoteSwiftPackageReference "firebase-ios-sdk" */;
			productName = FirebaseFirestore;
		};
		18C9B18A2B1DD7F0004B7B1B /* FirebaseFirestoreCombine-Community */ = {
			isa = XCSwiftPackageProductDependency;
			package = 18C9B16F2B1DD7F0004B7B1B /* XCRemoteSwiftPackageReference "firebase-ios-sdk" */;
			productName = "FirebaseFirestoreCombine-Community";
		};
		18C9B18C2B1DD7F0004B7B1B /* FirebaseFirestoreSwift */ = {
			isa = XCSwiftPackageProductDependency;
			package = 18C9B16F2B1DD7F0004B7B1B /* XCRemoteSwiftPackageReference "firebase-ios-sdk" */;
			productName = FirebaseFirestoreSwift;
		};
		18C9B18E2B1DD7F0004B7B1B /* FirebaseFunctions */ = {
			isa = XCSwiftPackageProductDependency;
			package = 18C9B16F2B1DD7F0004B7B1B /* XCRemoteSwiftPackageReference "firebase-ios-sdk" */;
			productName = FirebaseFunctions;
		};
		18C9B1902B1DD7F0004B7B1B /* FirebaseFunctionsCombine-Community */ = {
			isa = XCSwiftPackageProductDependency;
			package = 18C9B16F2B1DD7F0004B7B1B /* XCRemoteSwiftPackageReference "firebase-ios-sdk" */;
			productName = "FirebaseFunctionsCombine-Community";
		};
		18C9B1922B1DD7F0004B7B1B /* FirebaseInAppMessaging-Beta */ = {
			isa = XCSwiftPackageProductDependency;
			package = 18C9B16F2B1DD7F0004B7B1B /* XCRemoteSwiftPackageReference "firebase-ios-sdk" */;
			productName = "FirebaseInAppMessaging-Beta";
		};
		18C9B1942B1DD7F0004B7B1B /* FirebaseInAppMessagingSwift-Beta */ = {
			isa = XCSwiftPackageProductDependency;
			package = 18C9B16F2B1DD7F0004B7B1B /* XCRemoteSwiftPackageReference "firebase-ios-sdk" */;
			productName = "FirebaseInAppMessagingSwift-Beta";
		};
		18C9B1962B1DD7F0004B7B1B /* FirebaseInstallations */ = {
			isa = XCSwiftPackageProductDependency;
			package = 18C9B16F2B1DD7F0004B7B1B /* XCRemoteSwiftPackageReference "firebase-ios-sdk" */;
			productName = FirebaseInstallations;
		};
		18C9B1982B1DD7F0004B7B1B /* FirebaseMLModelDownloader */ = {
			isa = XCSwiftPackageProductDependency;
			package = 18C9B16F2B1DD7F0004B7B1B /* XCRemoteSwiftPackageReference "firebase-ios-sdk" */;
			productName = FirebaseMLModelDownloader;
		};
		18C9B19A2B1DD7F0004B7B1B /* FirebaseMessaging */ = {
			isa = XCSwiftPackageProductDependency;
			package = 18C9B16F2B1DD7F0004B7B1B /* XCRemoteSwiftPackageReference "firebase-ios-sdk" */;
			productName = FirebaseMessaging;
		};
		18C9B19C2B1DD7F0004B7B1B /* FirebasePerformance */ = {
			isa = XCSwiftPackageProductDependency;
			package = 18C9B16F2B1DD7F0004B7B1B /* XCRemoteSwiftPackageReference "firebase-ios-sdk" */;
			productName = FirebasePerformance;
		};
		18C9B19E2B1DD7F0004B7B1B /* FirebaseRemoteConfig */ = {
			isa = XCSwiftPackageProductDependency;
			package = 18C9B16F2B1DD7F0004B7B1B /* XCRemoteSwiftPackageReference "firebase-ios-sdk" */;
			productName = FirebaseRemoteConfig;
		};
		18C9B1A02B1DD7F0004B7B1B /* FirebaseRemoteConfigSwift */ = {
			isa = XCSwiftPackageProductDependency;
			package = 18C9B16F2B1DD7F0004B7B1B /* XCRemoteSwiftPackageReference "firebase-ios-sdk" */;
			productName = FirebaseRemoteConfigSwift;
		};
		18C9B1A22B1DD7F0004B7B1B /* FirebaseStorage */ = {
			isa = XCSwiftPackageProductDependency;
			package = 18C9B16F2B1DD7F0004B7B1B /* XCRemoteSwiftPackageReference "firebase-ios-sdk" */;
			productName = FirebaseStorage;
		};
		18C9B1A42B1DD7F0004B7B1B /* FirebaseStorageCombine-Community */ = {
			isa = XCSwiftPackageProductDependency;
			package = 18C9B16F2B1DD7F0004B7B1B /* XCRemoteSwiftPackageReference "firebase-ios-sdk" */;
			productName = "FirebaseStorageCombine-Community";
		};
		18C9B1A72B1DDC00004B7B1B /* GoogleSignIn */ = {
			isa = XCSwiftPackageProductDependency;
			package = 18C9B1A62B1DDC00004B7B1B /* XCRemoteSwiftPackageReference "GoogleSignIn-iOS" */;
			productName = GoogleSignIn;
		};
		18C9B1A92B1DDC00004B7B1B /* GoogleSignInSwift */ = {
			isa = XCSwiftPackageProductDependency;
			package = 18C9B1A62B1DDC00004B7B1B /* XCRemoteSwiftPackageReference "GoogleSignIn-iOS" */;
			productName = GoogleSignInSwift;
		};
/* End XCSwiftPackageProductDependency section */
	};
	rootObject = 180150462B1D3EE40004A604 /* Project object */;
}
